// !$*UTF8*$!
{
	archiveVersion = 1;
	classes = {
	};
	objectVersion = 55;
	objects = {

/* Begin PBXBuildFile section */
		2F207CC828CA30DB00D74C04 /* AppDelegate.swift in Sources */ = {isa = PBXBuildFile; fileRef = 2F207CC728CA30DB00D74C04 /* AppDelegate.swift */; };
		2F207CCC28CA30DB00D74C04 /* ViewController.swift in Sources */ = {isa = PBXBuildFile; fileRef = 2F207CCB28CA30DB00D74C04 /* ViewController.swift */; };
		2F207CCF28CA30DB00D74C04 /* Main.storyboard in Resources */ = {isa = PBXBuildFile; fileRef = 2F207CCD28CA30DB00D74C04 /* Main.storyboard */; };
		2F207CD428CA30DD00D74C04 /* LaunchScreen.storyboard in Resources */ = {isa = PBXBuildFile; fileRef = 2F207CD228CA30DD00D74C04 /* LaunchScreen.storyboard */; };
		2FBDE16A28CB371C00CC668F /* R.generated.swift in Sources */ = {isa = PBXBuildFile; fileRef = 2FBDE16928CB371C00CC668F /* R.generated.swift */; };
		2FEDD7C728CA399B0015C0CA /* AppCoordinator.swift in Sources */ = {isa = PBXBuildFile; fileRef = 2FEDD7C628CA399B0015C0CA /* AppCoordinator.swift */; };
		2FEDD7DB28CA39AB0015C0CA /* Array+Extensions.swift in Sources */ = {isa = PBXBuildFile; fileRef = 2FEDD7C928CA39AB0015C0CA /* Array+Extensions.swift */; };
		2FEDD7DC28CA39AB0015C0CA /* UIViewController+Extensions.swift in Sources */ = {isa = PBXBuildFile; fileRef = 2FEDD7CA28CA39AB0015C0CA /* UIViewController+Extensions.swift */; };
		2FEDD7DD28CA39AB0015C0CA /* UIView+Extensions.swift in Sources */ = {isa = PBXBuildFile; fileRef = 2FEDD7CB28CA39AB0015C0CA /* UIView+Extensions.swift */; };
		2FEDD7DE28CA39AB0015C0CA /* String+Extensions.swift in Sources */ = {isa = PBXBuildFile; fileRef = 2FEDD7CC28CA39AB0015C0CA /* String+Extensions.swift */; };
		2FEDD7DF28CA39AB0015C0CA /* UIColor+Extensions.swift in Sources */ = {isa = PBXBuildFile; fileRef = 2FEDD7CD28CA39AB0015C0CA /* UIColor+Extensions.swift */; };
		2FEDD7E028CA39AB0015C0CA /* Kingfisher+Rx.swift in Sources */ = {isa = PBXBuildFile; fileRef = 2FEDD7CF28CA39AB0015C0CA /* Kingfisher+Rx.swift */; };
		2FEDD7E128CA39AB0015C0CA /* Observable+Operators.swift in Sources */ = {isa = PBXBuildFile; fileRef = 2FEDD7D028CA39AB0015C0CA /* Observable+Operators.swift */; };
		2FEDD7E228CA39AB0015C0CA /* Rx+Extension.swift in Sources */ = {isa = PBXBuildFile; fileRef = 2FEDD7D128CA39AB0015C0CA /* Rx+Extension.swift */; };
		2FEDD7E328CA39AB0015C0CA /* Formatter+Extensions.swift in Sources */ = {isa = PBXBuildFile; fileRef = 2FEDD7D228CA39AB0015C0CA /* Formatter+Extensions.swift */; };
		2FEDD7E428CA39AB0015C0CA /* UINavigationController+Extensions.swift in Sources */ = {isa = PBXBuildFile; fileRef = 2FEDD7D328CA39AB0015C0CA /* UINavigationController+Extensions.swift */; };
		2FEDD7E528CA39AB0015C0CA /* NSObject+Extensions.swift in Sources */ = {isa = PBXBuildFile; fileRef = 2FEDD7D428CA39AB0015C0CA /* NSObject+Extensions.swift */; };
		2FEDD7E628CA39AB0015C0CA /* UIStackView+Extensions.swift in Sources */ = {isa = PBXBuildFile; fileRef = 2FEDD7D528CA39AB0015C0CA /* UIStackView+Extensions.swift */; };
		2FEDD7E728CA39AB0015C0CA /* RefreshHandler.swift in Sources */ = {isa = PBXBuildFile; fileRef = 2FEDD7D628CA39AB0015C0CA /* RefreshHandler.swift */; };
		2FEDD7E828CA39AB0015C0CA /* Optional+Extensions.swift in Sources */ = {isa = PBXBuildFile; fileRef = 2FEDD7D728CA39AB0015C0CA /* Optional+Extensions.swift */; };
		2FEDD7E928CA39AB0015C0CA /* UIScrollView+Extensions.swift in Sources */ = {isa = PBXBuildFile; fileRef = 2FEDD7D828CA39AB0015C0CA /* UIScrollView+Extensions.swift */; };
		2FEDD7EA28CA39AB0015C0CA /* UILabel+Extensions.swift in Sources */ = {isa = PBXBuildFile; fileRef = 2FEDD7D928CA39AB0015C0CA /* UILabel+Extensions.swift */; };
		2FEDD7EB28CA39AB0015C0CA /* Date+Extensions.swift in Sources */ = {isa = PBXBuildFile; fileRef = 2FEDD7DA28CA39AB0015C0CA /* Date+Extensions.swift */; };
		2FEDD7F228CA39F20015C0CA /* LogManager.swift in Sources */ = {isa = PBXBuildFile; fileRef = 2FEDD7EC28CA39F20015C0CA /* LogManager.swift */; };
		2FEDD7F328CA39F20015C0CA /* BindableType.swift in Sources */ = {isa = PBXBuildFile; fileRef = 2FEDD7EE28CA39F20015C0CA /* BindableType.swift */; };
		2FEDD7F428CA39F20015C0CA /* BaseViewController.swift in Sources */ = {isa = PBXBuildFile; fileRef = 2FEDD7EF28CA39F20015C0CA /* BaseViewController.swift */; };
		2FEDD7F528CA39F20015C0CA /* ViewModelType.swift in Sources */ = {isa = PBXBuildFile; fileRef = 2FEDD7F028CA39F20015C0CA /* ViewModelType.swift */; };
		2FEDD7F628CA39F20015C0CA /* Constants.swift in Sources */ = {isa = PBXBuildFile; fileRef = 2FEDD7F128CA39F20015C0CA /* Constants.swift */; };
		2FEDD7FF28CA3A0F0015C0CA /* ErrorTracker.swift in Sources */ = {isa = PBXBuildFile; fileRef = 2FEDD7F928CA3A0F0015C0CA /* ErrorTracker.swift */; };
		2FEDD80028CA3A0F0015C0CA /* ActivityIndicator.swift in Sources */ = {isa = PBXBuildFile; fileRef = 2FEDD7FB28CA3A0F0015C0CA /* ActivityIndicator.swift */; };
		2FEDD80128CA3A0F0015C0CA /* NSObject+Rx.swift in Sources */ = {isa = PBXBuildFile; fileRef = 2FEDD7FC28CA3A0F0015C0CA /* NSObject+Rx.swift */; };
		2FEDD80228CA3A0F0015C0CA /* Single+ObjectMapper.swift in Sources */ = {isa = PBXBuildFile; fileRef = 2FEDD7FD28CA3A0F0015C0CA /* Single+ObjectMapper.swift */; };
		2FEDD80328CA3A0F0015C0CA /* Response+ObjectMapper.swift in Sources */ = {isa = PBXBuildFile; fileRef = 2FEDD7FE28CA3A0F0015C0CA /* Response+ObjectMapper.swift */; };
		2FEDD80928CA3A9F0015C0CA /* Environment.swift in Sources */ = {isa = PBXBuildFile; fileRef = 2FEDD80528CA3A9F0015C0CA /* Environment.swift */; };
		2FEDD80A28CA3A9F0015C0CA /* ConfigKeys.swift in Sources */ = {isa = PBXBuildFile; fileRef = 2FEDD80628CA3A9F0015C0CA /* ConfigKeys.swift */; };
		2FEDD80F28CA3FD20015C0CA /* ApiProvider.swift in Sources */ = {isa = PBXBuildFile; fileRef = 2FEDD80D28CA3FD20015C0CA /* ApiProvider.swift */; };
		2FEDD81028CA3FD20015C0CA /* NetworkingType.swift in Sources */ = {isa = PBXBuildFile; fileRef = 2FEDD80E28CA3FD20015C0CA /* NetworkingType.swift */; };
		2FEDD81428CA40040015C0CA /* LoadingAnimationType.swift in Sources */ = {isa = PBXBuildFile; fileRef = 2FEDD81228CA40040015C0CA /* LoadingAnimationType.swift */; };
		2FEDD81B28CA40180015C0CA /* Colors.xcassets in Resources */ = {isa = PBXBuildFile; fileRef = 2FEDD81728CA40180015C0CA /* Colors.xcassets */; };
		2FEDD81C28CA40180015C0CA /* Localizable.strings in Resources */ = {isa = PBXBuildFile; fileRef = 2FEDD81828CA40180015C0CA /* Localizable.strings */; };
		2FEDD81D28CA40180015C0CA /* Assets.xcassets in Resources */ = {isa = PBXBuildFile; fileRef = 2FEDD81A28CA40180015C0CA /* Assets.xcassets */; };
		2FEDD82B28CA43000015C0CA /* LibsManager.swift in Sources */ = {isa = PBXBuildFile; fileRef = 2FEDD82528CA43000015C0CA /* LibsManager.swift */; };
		2FEDD83528CA445F0015C0CA /* Resolver+RegisterServices.swift in Sources */ = {isa = PBXBuildFile; fileRef = 2FEDD82F28CA445F0015C0CA /* Resolver+RegisterServices.swift */; };
		2FEDD83728CA445F0015C0CA /* HomeService.swift in Sources */ = {isa = PBXBuildFile; fileRef = 2FEDD83228CA445F0015C0CA /* HomeService.swift */; };
		2FEDD83828CA445F0015C0CA /* MovieDetailService.swift in Sources */ = {isa = PBXBuildFile; fileRef = 2FEDD83428CA445F0015C0CA /* MovieDetailService.swift */; };
		2FEDD83B28CA44940015C0CA /* HomeAPI.swift in Sources */ = {isa = PBXBuildFile; fileRef = 2FEDD83928CA44940015C0CA /* HomeAPI.swift */; };
		2FEDD83C28CA44940015C0CA /* MovieDetailAPI.swift in Sources */ = {isa = PBXBuildFile; fileRef = 2FEDD83A28CA44940015C0CA /* MovieDetailAPI.swift */; };
		CC22321DD5D2ABCBB91448C4 /* Pods_Template.framework in Frameworks */ = {isa = PBXBuildFile; fileRef = 08AA348386A7CD9260D21F77 /* Pods_Template.framework */; };
/* End PBXBuildFile section */

/* Begin PBXFileReference section */
		08AA348386A7CD9260D21F77 /* Pods_Template.framework */ = {isa = PBXFileReference; explicitFileType = wrapper.framework; includeInIndex = 0; path = Pods_Template.framework; sourceTree = BUILT_PRODUCTS_DIR; };
		2F207CC428CA30DB00D74C04 /* Template.app */ = {isa = PBXFileReference; explicitFileType = wrapper.application; includeInIndex = 0; path = Template.app; sourceTree = BUILT_PRODUCTS_DIR; };
		2F207CC728CA30DB00D74C04 /* AppDelegate.swift */ = {isa = PBXFileReference; lastKnownFileType = sourcecode.swift; path = AppDelegate.swift; sourceTree = "<group>"; };
		2F207CCB28CA30DB00D74C04 /* ViewController.swift */ = {isa = PBXFileReference; lastKnownFileType = sourcecode.swift; path = ViewController.swift; sourceTree = "<group>"; };
		2F207CCE28CA30DB00D74C04 /* Base */ = {isa = PBXFileReference; lastKnownFileType = file.storyboard; name = Base; path = Base.lproj/Main.storyboard; sourceTree = "<group>"; };
		2F207CD328CA30DD00D74C04 /* Base */ = {isa = PBXFileReference; lastKnownFileType = file.storyboard; name = Base; path = Base.lproj/LaunchScreen.storyboard; sourceTree = "<group>"; };
		2FBDE16928CB371C00CC668F /* R.generated.swift */ = {isa = PBXFileReference; fileEncoding = 4; lastKnownFileType = sourcecode.swift; path = R.generated.swift; sourceTree = SOURCE_ROOT; };
		2FDC58B528D46EFD0019D95B /* Info.plist */ = {isa = PBXFileReference; fileEncoding = 4; lastKnownFileType = text.plist.xml; path = Info.plist; sourceTree = "<group>"; };
		2FEDD7C628CA399B0015C0CA /* AppCoordinator.swift */ = {isa = PBXFileReference; fileEncoding = 4; lastKnownFileType = sourcecode.swift; path = AppCoordinator.swift; sourceTree = "<group>"; };
		2FEDD7C928CA39AB0015C0CA /* Array+Extensions.swift */ = {isa = PBXFileReference; fileEncoding = 4; lastKnownFileType = sourcecode.swift; path = "Array+Extensions.swift"; sourceTree = "<group>"; };
		2FEDD7CA28CA39AB0015C0CA /* UIViewController+Extensions.swift */ = {isa = PBXFileReference; fileEncoding = 4; lastKnownFileType = sourcecode.swift; path = "UIViewController+Extensions.swift"; sourceTree = "<group>"; };
		2FEDD7CB28CA39AB0015C0CA /* UIView+Extensions.swift */ = {isa = PBXFileReference; fileEncoding = 4; lastKnownFileType = sourcecode.swift; path = "UIView+Extensions.swift"; sourceTree = "<group>"; };
		2FEDD7CC28CA39AB0015C0CA /* String+Extensions.swift */ = {isa = PBXFileReference; fileEncoding = 4; lastKnownFileType = sourcecode.swift; path = "String+Extensions.swift"; sourceTree = "<group>"; };
		2FEDD7CD28CA39AB0015C0CA /* UIColor+Extensions.swift */ = {isa = PBXFileReference; fileEncoding = 4; lastKnownFileType = sourcecode.swift; path = "UIColor+Extensions.swift"; sourceTree = "<group>"; };
		2FEDD7CF28CA39AB0015C0CA /* Kingfisher+Rx.swift */ = {isa = PBXFileReference; fileEncoding = 4; lastKnownFileType = sourcecode.swift; path = "Kingfisher+Rx.swift"; sourceTree = "<group>"; };
		2FEDD7D028CA39AB0015C0CA /* Observable+Operators.swift */ = {isa = PBXFileReference; fileEncoding = 4; lastKnownFileType = sourcecode.swift; path = "Observable+Operators.swift"; sourceTree = "<group>"; };
		2FEDD7D128CA39AB0015C0CA /* Rx+Extension.swift */ = {isa = PBXFileReference; fileEncoding = 4; lastKnownFileType = sourcecode.swift; path = "Rx+Extension.swift"; sourceTree = "<group>"; };
		2FEDD7D228CA39AB0015C0CA /* Formatter+Extensions.swift */ = {isa = PBXFileReference; fileEncoding = 4; lastKnownFileType = sourcecode.swift; path = "Formatter+Extensions.swift"; sourceTree = "<group>"; };
		2FEDD7D328CA39AB0015C0CA /* UINavigationController+Extensions.swift */ = {isa = PBXFileReference; fileEncoding = 4; lastKnownFileType = sourcecode.swift; path = "UINavigationController+Extensions.swift"; sourceTree = "<group>"; };
		2FEDD7D428CA39AB0015C0CA /* NSObject+Extensions.swift */ = {isa = PBXFileReference; fileEncoding = 4; lastKnownFileType = sourcecode.swift; path = "NSObject+Extensions.swift"; sourceTree = "<group>"; };
		2FEDD7D528CA39AB0015C0CA /* UIStackView+Extensions.swift */ = {isa = PBXFileReference; fileEncoding = 4; lastKnownFileType = sourcecode.swift; path = "UIStackView+Extensions.swift"; sourceTree = "<group>"; };
		2FEDD7D628CA39AB0015C0CA /* RefreshHandler.swift */ = {isa = PBXFileReference; fileEncoding = 4; lastKnownFileType = sourcecode.swift; path = RefreshHandler.swift; sourceTree = "<group>"; };
		2FEDD7D728CA39AB0015C0CA /* Optional+Extensions.swift */ = {isa = PBXFileReference; fileEncoding = 4; lastKnownFileType = sourcecode.swift; path = "Optional+Extensions.swift"; sourceTree = "<group>"; };
		2FEDD7D828CA39AB0015C0CA /* UIScrollView+Extensions.swift */ = {isa = PBXFileReference; fileEncoding = 4; lastKnownFileType = sourcecode.swift; path = "UIScrollView+Extensions.swift"; sourceTree = "<group>"; };
		2FEDD7D928CA39AB0015C0CA /* UILabel+Extensions.swift */ = {isa = PBXFileReference; fileEncoding = 4; lastKnownFileType = sourcecode.swift; path = "UILabel+Extensions.swift"; sourceTree = "<group>"; };
		2FEDD7DA28CA39AB0015C0CA /* Date+Extensions.swift */ = {isa = PBXFileReference; fileEncoding = 4; lastKnownFileType = sourcecode.swift; path = "Date+Extensions.swift"; sourceTree = "<group>"; };
		2FEDD7EC28CA39F20015C0CA /* LogManager.swift */ = {isa = PBXFileReference; fileEncoding = 4; lastKnownFileType = sourcecode.swift; path = LogManager.swift; sourceTree = "<group>"; };
		2FEDD7EE28CA39F20015C0CA /* BindableType.swift */ = {isa = PBXFileReference; fileEncoding = 4; lastKnownFileType = sourcecode.swift; path = BindableType.swift; sourceTree = "<group>"; };
		2FEDD7EF28CA39F20015C0CA /* BaseViewController.swift */ = {isa = PBXFileReference; fileEncoding = 4; lastKnownFileType = sourcecode.swift; path = BaseViewController.swift; sourceTree = "<group>"; };
		2FEDD7F028CA39F20015C0CA /* ViewModelType.swift */ = {isa = PBXFileReference; fileEncoding = 4; lastKnownFileType = sourcecode.swift; path = ViewModelType.swift; sourceTree = "<group>"; };
		2FEDD7F128CA39F20015C0CA /* Constants.swift */ = {isa = PBXFileReference; fileEncoding = 4; lastKnownFileType = sourcecode.swift; path = Constants.swift; sourceTree = "<group>"; };
		2FEDD7F928CA3A0F0015C0CA /* ErrorTracker.swift */ = {isa = PBXFileReference; fileEncoding = 4; lastKnownFileType = sourcecode.swift; path = ErrorTracker.swift; sourceTree = "<group>"; };
		2FEDD7FB28CA3A0F0015C0CA /* ActivityIndicator.swift */ = {isa = PBXFileReference; fileEncoding = 4; lastKnownFileType = sourcecode.swift; path = ActivityIndicator.swift; sourceTree = "<group>"; };
		2FEDD7FC28CA3A0F0015C0CA /* NSObject+Rx.swift */ = {isa = PBXFileReference; fileEncoding = 4; lastKnownFileType = sourcecode.swift; path = "NSObject+Rx.swift"; sourceTree = "<group>"; };
		2FEDD7FD28CA3A0F0015C0CA /* Single+ObjectMapper.swift */ = {isa = PBXFileReference; fileEncoding = 4; lastKnownFileType = sourcecode.swift; path = "Single+ObjectMapper.swift"; sourceTree = "<group>"; };
		2FEDD7FE28CA3A0F0015C0CA /* Response+ObjectMapper.swift */ = {isa = PBXFileReference; fileEncoding = 4; lastKnownFileType = sourcecode.swift; path = "Response+ObjectMapper.swift"; sourceTree = "<group>"; };
		2FEDD80528CA3A9F0015C0CA /* Environment.swift */ = {isa = PBXFileReference; fileEncoding = 4; lastKnownFileType = sourcecode.swift; path = Environment.swift; sourceTree = "<group>"; };
		2FEDD80628CA3A9F0015C0CA /* ConfigKeys.swift */ = {isa = PBXFileReference; fileEncoding = 4; lastKnownFileType = sourcecode.swift; path = ConfigKeys.swift; sourceTree = "<group>"; };
		2FEDD80728CA3A9F0015C0CA /* AppConfig.xcconfig */ = {isa = PBXFileReference; fileEncoding = 4; lastKnownFileType = text.xcconfig; path = AppConfig.xcconfig; sourceTree = "<group>"; };
		2FEDD80D28CA3FD20015C0CA /* ApiProvider.swift */ = {isa = PBXFileReference; fileEncoding = 4; lastKnownFileType = sourcecode.swift; path = ApiProvider.swift; sourceTree = "<group>"; };
		2FEDD80E28CA3FD20015C0CA /* NetworkingType.swift */ = {isa = PBXFileReference; fileEncoding = 4; lastKnownFileType = sourcecode.swift; path = NetworkingType.swift; sourceTree = "<group>"; };
		2FEDD81228CA40040015C0CA /* LoadingAnimationType.swift */ = {isa = PBXFileReference; fileEncoding = 4; lastKnownFileType = sourcecode.swift; path = LoadingAnimationType.swift; sourceTree = "<group>"; };
		2FEDD81728CA40180015C0CA /* Colors.xcassets */ = {isa = PBXFileReference; lastKnownFileType = folder.assetcatalog; path = Colors.xcassets; sourceTree = "<group>"; };
		2FEDD81928CA40180015C0CA /* en */ = {isa = PBXFileReference; lastKnownFileType = text.plist.strings; name = en; path = en.lproj/Localizable.strings; sourceTree = "<group>"; };
		2FEDD81A28CA40180015C0CA /* Assets.xcassets */ = {isa = PBXFileReference; lastKnownFileType = folder.assetcatalog; path = Assets.xcassets; sourceTree = "<group>"; };
		2FEDD82528CA43000015C0CA /* LibsManager.swift */ = {isa = PBXFileReference; fileEncoding = 4; lastKnownFileType = sourcecode.swift; path = LibsManager.swift; sourceTree = "<group>"; };
		2FEDD82F28CA445F0015C0CA /* Resolver+RegisterServices.swift */ = {isa = PBXFileReference; fileEncoding = 4; lastKnownFileType = sourcecode.swift; path = "Resolver+RegisterServices.swift"; sourceTree = "<group>"; };
		2FEDD83228CA445F0015C0CA /* HomeService.swift */ = {isa = PBXFileReference; fileEncoding = 4; lastKnownFileType = sourcecode.swift; path = HomeService.swift; sourceTree = "<group>"; };
		2FEDD83428CA445F0015C0CA /* MovieDetailService.swift */ = {isa = PBXFileReference; fileEncoding = 4; lastKnownFileType = sourcecode.swift; path = MovieDetailService.swift; sourceTree = "<group>"; };
		2FEDD83928CA44940015C0CA /* HomeAPI.swift */ = {isa = PBXFileReference; fileEncoding = 4; lastKnownFileType = sourcecode.swift; path = HomeAPI.swift; sourceTree = "<group>"; };
		2FEDD83A28CA44940015C0CA /* MovieDetailAPI.swift */ = {isa = PBXFileReference; fileEncoding = 4; lastKnownFileType = sourcecode.swift; path = MovieDetailAPI.swift; sourceTree = "<group>"; };
		5ED79D3C26CF53205D088817 /* Pods-Template.debug.xcconfig */ = {isa = PBXFileReference; includeInIndex = 1; lastKnownFileType = text.xcconfig; name = "Pods-Template.debug.xcconfig"; path = "Target Support Files/Pods-Template/Pods-Template.debug.xcconfig"; sourceTree = "<group>"; };
		B6C854C8AA87EF690D703D7B /* Pods-Template.release.xcconfig */ = {isa = PBXFileReference; includeInIndex = 1; lastKnownFileType = text.xcconfig; name = "Pods-Template.release.xcconfig"; path = "Target Support Files/Pods-Template/Pods-Template.release.xcconfig"; sourceTree = "<group>"; };
		CC31492813BC0D8A119560E2 /* Pods-TheMovieApp.debug.xcconfig */ = {isa = PBXFileReference; includeInIndex = 1; lastKnownFileType = text.xcconfig; name = "Pods-TheMovieApp.debug.xcconfig"; path = "Target Support Files/Pods-TheMovieApp/Pods-TheMovieApp.debug.xcconfig"; sourceTree = "<group>"; };
		DA15F875EF4A0F5813F40467 /* Pods-TheMovieApp.release.xcconfig */ = {isa = PBXFileReference; includeInIndex = 1; lastKnownFileType = text.xcconfig; name = "Pods-TheMovieApp.release.xcconfig"; path = "Target Support Files/Pods-TheMovieApp/Pods-TheMovieApp.release.xcconfig"; sourceTree = "<group>"; };
/* End PBXFileReference section */

/* Begin PBXFrameworksBuildPhase section */
		2F207CC128CA30DB00D74C04 /* Frameworks */ = {
			isa = PBXFrameworksBuildPhase;
			buildActionMask = 2147483647;
			files = (
				CC22321DD5D2ABCBB91448C4 /* Pods_Template.framework in Frameworks */,
			);
			runOnlyForDeploymentPostprocessing = 0;
		};
/* End PBXFrameworksBuildPhase section */

/* Begin PBXGroup section */
		14E2B64D364ACB52360EDF85 /* Frameworks */ = {
			isa = PBXGroup;
			children = (
				08AA348386A7CD9260D21F77 /* Pods_Template.framework */,
			);
			name = Frameworks;
			sourceTree = "<group>";
		};
		1D2551C55CF31E134C51B862 /* Pods */ = {
			isa = PBXGroup;
			children = (
				CC31492813BC0D8A119560E2 /* Pods-TheMovieApp.debug.xcconfig */,
				DA15F875EF4A0F5813F40467 /* Pods-TheMovieApp.release.xcconfig */,
				5ED79D3C26CF53205D088817 /* Pods-Template.debug.xcconfig */,
				B6C854C8AA87EF690D703D7B /* Pods-Template.release.xcconfig */,
			);
			path = Pods;
			sourceTree = "<group>";
		};
		2F207CBB28CA30DB00D74C04 = {
			isa = PBXGroup;
			children = (
				2F207CC628CA30DB00D74C04 /* Template */,
				2F207CC528CA30DB00D74C04 /* Products */,
				1D2551C55CF31E134C51B862 /* Pods */,
				14E2B64D364ACB52360EDF85 /* Frameworks */,
			);
			sourceTree = "<group>";
		};
		2F207CC528CA30DB00D74C04 /* Products */ = {
			isa = PBXGroup;
			children = (
				2F207CC428CA30DB00D74C04 /* Template.app */,
			);
			name = Products;
			sourceTree = "<group>";
		};
		2F207CC628CA30DB00D74C04 /* Template */ = {
			isa = PBXGroup;
			children = (
				2F207CC728CA30DB00D74C04 /* AppDelegate.swift */,
				2FBDE16928CB371C00CC668F /* R.generated.swift */,
				2FEDD7C328CA35120015C0CA /* Helpers */,
				2FEDD7C528CA399B0015C0CA /* Coordinators */,
				2FEDD7C228CA34C20015C0CA /* Networking */,
				2FEDD7C128CA34A00015C0CA /* Models */,
				2FEDD7C028CA348B0015C0CA /* Features */,
				2FEDD81628CA40180015C0CA /* Resources */,
				2F207CCD28CA30DB00D74C04 /* Main.storyboard */,
				2F207CD228CA30DD00D74C04 /* LaunchScreen.storyboard */,
			);
			path = Template;
			sourceTree = "<group>";
		};
		2FEDD7C028CA348B0015C0CA /* Features */ = {
			isa = PBXGroup;
			children = (
				2F207CCB28CA30DB00D74C04 /* ViewController.swift */,
			);
			path = Features;
			sourceTree = "<group>";
		};
		2FEDD7C128CA34A00015C0CA /* Models */ = {
			isa = PBXGroup;
			children = (
			);
			path = Models;
			sourceTree = "<group>";
		};
		2FEDD7C228CA34C20015C0CA /* Networking */ = {
			isa = PBXGroup;
			children = (
				2FEDD80D28CA3FD20015C0CA /* ApiProvider.swift */,
				2FEDD80E28CA3FD20015C0CA /* NetworkingType.swift */,
				2FEDD81E28CA40940015C0CA /* API */,
				2FEDD82E28CA445F0015C0CA /* Services */,
			);
			path = Networking;
			sourceTree = "<group>";
		};
		2FEDD7C328CA35120015C0CA /* Helpers */ = {
			isa = PBXGroup;
			children = (
				2FEDD81128CA40040015C0CA /* Prototypes */,
				2FEDD80428CA3A9F0015C0CA /* Configs */,
				2FEDD7ED28CA39F20015C0CA /* Common */,
				2FEDD7F128CA39F20015C0CA /* Constants.swift */,
				2FEDD7EC28CA39F20015C0CA /* LogManager.swift */,
				2FEDD7C828CA39AB0015C0CA /* Extensions */,
				2FEDD7F728CA3A0F0015C0CA /* Library */,
				2FEDD7C428CA35400015C0CA /* CustomView */,
				2FEDD82528CA43000015C0CA /* LibsManager.swift */,
			);
			path = Helpers;
			sourceTree = "<group>";
		};
		2FEDD7C428CA35400015C0CA /* CustomView */ = {
			isa = PBXGroup;
			children = (
			);
			path = CustomView;
			sourceTree = "<group>";
		};
		2FEDD7C528CA399B0015C0CA /* Coordinators */ = {
			isa = PBXGroup;
			children = (
				2FEDD7C628CA399B0015C0CA /* AppCoordinator.swift */,
			);
			path = Coordinators;
			sourceTree = "<group>";
		};
		2FEDD7C828CA39AB0015C0CA /* Extensions */ = {
			isa = PBXGroup;
			children = (
				2FEDD7C928CA39AB0015C0CA /* Array+Extensions.swift */,
				2FEDD7CA28CA39AB0015C0CA /* UIViewController+Extensions.swift */,
				2FEDD7CB28CA39AB0015C0CA /* UIView+Extensions.swift */,
				2FEDD7CC28CA39AB0015C0CA /* String+Extensions.swift */,
				2FEDD7CD28CA39AB0015C0CA /* UIColor+Extensions.swift */,
				2FEDD7CE28CA39AB0015C0CA /* Reactive */,
				2FEDD7D228CA39AB0015C0CA /* Formatter+Extensions.swift */,
				2FEDD7D328CA39AB0015C0CA /* UINavigationController+Extensions.swift */,
				2FEDD7D428CA39AB0015C0CA /* NSObject+Extensions.swift */,
				2FEDD7D528CA39AB0015C0CA /* UIStackView+Extensions.swift */,
				2FEDD7D628CA39AB0015C0CA /* RefreshHandler.swift */,
				2FEDD7D728CA39AB0015C0CA /* Optional+Extensions.swift */,
				2FEDD7D828CA39AB0015C0CA /* UIScrollView+Extensions.swift */,
				2FEDD7D928CA39AB0015C0CA /* UILabel+Extensions.swift */,
				2FEDD7DA28CA39AB0015C0CA /* Date+Extensions.swift */,
			);
			path = Extensions;
			sourceTree = "<group>";
		};
		2FEDD7CE28CA39AB0015C0CA /* Reactive */ = {
			isa = PBXGroup;
			children = (
				2FEDD7CF28CA39AB0015C0CA /* Kingfisher+Rx.swift */,
				2FEDD7D028CA39AB0015C0CA /* Observable+Operators.swift */,
				2FEDD7D128CA39AB0015C0CA /* Rx+Extension.swift */,
			);
			path = Reactive;
			sourceTree = "<group>";
		};
		2FEDD7ED28CA39F20015C0CA /* Common */ = {
			isa = PBXGroup;
			children = (
				2FEDD7EE28CA39F20015C0CA /* BindableType.swift */,
				2FEDD7EF28CA39F20015C0CA /* BaseViewController.swift */,
				2FEDD7F028CA39F20015C0CA /* ViewModelType.swift */,
			);
			path = Common;
			sourceTree = "<group>";
		};
		2FEDD7F728CA3A0F0015C0CA /* Library */ = {
			isa = PBXGroup;
			children = (
				2FEDD7F828CA3A0F0015C0CA /* RxErrorTracker */,
				2FEDD7FA28CA3A0F0015C0CA /* RxActivityIndicator */,
				2FEDD7FC28CA3A0F0015C0CA /* NSObject+Rx.swift */,
				2FEDD7FD28CA3A0F0015C0CA /* Single+ObjectMapper.swift */,
				2FEDD7FE28CA3A0F0015C0CA /* Response+ObjectMapper.swift */,
			);
			path = Library;
			sourceTree = "<group>";
		};
		2FEDD7F828CA3A0F0015C0CA /* RxErrorTracker */ = {
			isa = PBXGroup;
			children = (
				2FEDD7F928CA3A0F0015C0CA /* ErrorTracker.swift */,
			);
			path = RxErrorTracker;
			sourceTree = "<group>";
		};
		2FEDD7FA28CA3A0F0015C0CA /* RxActivityIndicator */ = {
			isa = PBXGroup;
			children = (
				2FEDD7FB28CA3A0F0015C0CA /* ActivityIndicator.swift */,
			);
			path = RxActivityIndicator;
			sourceTree = "<group>";
		};
		2FEDD80428CA3A9F0015C0CA /* Configs */ = {
			isa = PBXGroup;
			children = (
				2FEDD80528CA3A9F0015C0CA /* Environment.swift */,
				2FEDD80628CA3A9F0015C0CA /* ConfigKeys.swift */,
				2FEDD80728CA3A9F0015C0CA /* AppConfig.xcconfig */,
				2FDC58B528D46EFD0019D95B /* Info.plist */,
			);
			path = Configs;
			sourceTree = "<group>";
		};
		2FEDD81128CA40040015C0CA /* Prototypes */ = {
			isa = PBXGroup;
			children = (
				2FEDD81228CA40040015C0CA /* LoadingAnimationType.swift */,
			);
			path = Prototypes;
			sourceTree = "<group>";
		};
		2FEDD81628CA40180015C0CA /* Resources */ = {
			isa = PBXGroup;
			children = (
				2FEDD81728CA40180015C0CA /* Colors.xcassets */,
				2FEDD81828CA40180015C0CA /* Localizable.strings */,
				2FEDD81A28CA40180015C0CA /* Assets.xcassets */,
			);
			path = Resources;
			sourceTree = "<group>";
		};
		2FEDD81E28CA40940015C0CA /* API */ = {
			isa = PBXGroup;
			children = (
				2FEDD83928CA44940015C0CA /* HomeAPI.swift */,
				2FEDD83A28CA44940015C0CA /* MovieDetailAPI.swift */,
			);
			path = API;
			sourceTree = "<group>";
		};
		2FEDD82E28CA445F0015C0CA /* Services */ = {
			isa = PBXGroup;
			children = (
				2FEDD82F28CA445F0015C0CA /* Resolver+RegisterServices.swift */,
				2FEDD83128CA445F0015C0CA /* HomeService */,
				2FEDD83328CA445F0015C0CA /* MovieDetailService */,
			);
			path = Services;
			sourceTree = "<group>";
		};
		2FEDD83128CA445F0015C0CA /* HomeService */ = {
			isa = PBXGroup;
			children = (
				2FEDD83228CA445F0015C0CA /* HomeService.swift */,
			);
			path = HomeService;
			sourceTree = "<group>";
		};
		2FEDD83328CA445F0015C0CA /* MovieDetailService */ = {
			isa = PBXGroup;
			children = (
				2FEDD83428CA445F0015C0CA /* MovieDetailService.swift */,
			);
			path = MovieDetailService;
			sourceTree = "<group>";
		};
/* End PBXGroup section */

/* Begin PBXNativeTarget section */
		2F207CC328CA30DB00D74C04 /* Template */ = {
			isa = PBXNativeTarget;
			buildConfigurationList = 2F207CD828CA30DD00D74C04 /* Build configuration list for PBXNativeTarget "Template" */;
			buildPhases = (
				CBA2CF810481E827F9588261 /* [CP] Check Pods Manifest.lock */,
				2FF68C5428CB2CBE001FAF8A /* R.Swift */,
				2F207CC028CA30DB00D74C04 /* Sources */,
				2F207CC128CA30DB00D74C04 /* Frameworks */,
				2F207CC228CA30DB00D74C04 /* Resources */,
				AA75AA264F82DD61A3D4BA8F /* [CP] Embed Pods Frameworks */,
			);
			buildRules = (
			);
			dependencies = (
			);
			name = Template;
			productName = TheMovieApp;
			productReference = 2F207CC428CA30DB00D74C04 /* Template.app */;
			productType = "com.apple.product-type.application";
		};
/* End PBXNativeTarget section */

/* Begin PBXProject section */
		2F207CBC28CA30DB00D74C04 /* Project object */ = {
			isa = PBXProject;
			attributes = {
				BuildIndependentTargetsInParallel = 1;
				LastSwiftUpdateCheck = 1340;
				LastUpgradeCheck = 1400;
				TargetAttributes = {
					2F207CC328CA30DB00D74C04 = {
						CreatedOnToolsVersion = 13.4.1;
					};
				};
			};
			buildConfigurationList = 2F207CBF28CA30DB00D74C04 /* Build configuration list for PBXProject "Template" */;
			compatibilityVersion = "Xcode 13.0";
			developmentRegion = en;
			hasScannedForEncodings = 0;
			knownRegions = (
				en,
				Base,
			);
			mainGroup = 2F207CBB28CA30DB00D74C04;
			productRefGroup = 2F207CC528CA30DB00D74C04 /* Products */;
			projectDirPath = "";
			projectRoot = "";
			targets = (
				2F207CC328CA30DB00D74C04 /* Template */,
			);
		};
/* End PBXProject section */

/* Begin PBXResourcesBuildPhase section */
		2F207CC228CA30DB00D74C04 /* Resources */ = {
			isa = PBXResourcesBuildPhase;
			buildActionMask = 2147483647;
			files = (
				2F207CD428CA30DD00D74C04 /* LaunchScreen.storyboard in Resources */,
				2FEDD81C28CA40180015C0CA /* Localizable.strings in Resources */,
				2FEDD81B28CA40180015C0CA /* Colors.xcassets in Resources */,
				2FEDD81D28CA40180015C0CA /* Assets.xcassets in Resources */,
				2F207CCF28CA30DB00D74C04 /* Main.storyboard in Resources */,
			);
			runOnlyForDeploymentPostprocessing = 0;
		};
/* End PBXResourcesBuildPhase section */

/* Begin PBXShellScriptBuildPhase section */
		2FF68C5428CB2CBE001FAF8A /* R.Swift */ = {
			isa = PBXShellScriptBuildPhase;
			alwaysOutOfDate = 1;
			buildActionMask = 2147483647;
			files = (
			);
			inputFileListPaths = (
			);
			inputPaths = (
			);
			name = R.Swift;
			outputFileListPaths = (
			);
			outputPaths = (
				"$SRCROOT/R.generated.swift",
			);
			runOnlyForDeploymentPostprocessing = 0;
			shellPath = /bin/sh;
			shellScript = "# Type a script or drag a script file from your workspace to insert its path.\n\"$PODS_ROOT/R.swift/rswift\" generate \"$SRCROOT/R.generated.swift\"\n";
		};
		AA75AA264F82DD61A3D4BA8F /* [CP] Embed Pods Frameworks */ = {
			isa = PBXShellScriptBuildPhase;
			buildActionMask = 2147483647;
			files = (
			);
			inputFileListPaths = (
				"${PODS_ROOT}/Target Support Files/Pods-Template/Pods-Template-frameworks-${CONFIGURATION}-input-files.xcfilelist",
			);
			name = "[CP] Embed Pods Frameworks";
			outputFileListPaths = (
				"${PODS_ROOT}/Target Support Files/Pods-Template/Pods-Template-frameworks-${CONFIGURATION}-output-files.xcfilelist",
			);
			runOnlyForDeploymentPostprocessing = 0;
			shellPath = /bin/sh;
			shellScript = "\"${PODS_ROOT}/Target Support Files/Pods-Template/Pods-Template-frameworks.sh\"\n";
			showEnvVarsInLog = 0;
		};
		CBA2CF810481E827F9588261 /* [CP] Check Pods Manifest.lock */ = {
			isa = PBXShellScriptBuildPhase;
			buildActionMask = 2147483647;
			files = (
			);
			inputFileListPaths = (
			);
			inputPaths = (
				"${PODS_PODFILE_DIR_PATH}/Podfile.lock",
				"${PODS_ROOT}/Manifest.lock",
			);
			name = "[CP] Check Pods Manifest.lock";
			outputFileListPaths = (
			);
			outputPaths = (
				"$(DERIVED_FILE_DIR)/Pods-Template-checkManifestLockResult.txt",
			);
			runOnlyForDeploymentPostprocessing = 0;
			shellPath = /bin/sh;
			shellScript = "diff \"${PODS_PODFILE_DIR_PATH}/Podfile.lock\" \"${PODS_ROOT}/Manifest.lock\" > /dev/null\nif [ $? != 0 ] ; then\n    # print error to STDERR\n    echo \"error: The sandbox is not in sync with the Podfile.lock. Run 'pod install' or update your CocoaPods installation.\" >&2\n    exit 1\nfi\n# This output is used by Xcode 'outputs' to avoid re-running this script phase.\necho \"SUCCESS\" > \"${SCRIPT_OUTPUT_FILE_0}\"\n";
			showEnvVarsInLog = 0;
		};
/* End PBXShellScriptBuildPhase section */

/* Begin PBXSourcesBuildPhase section */
		2F207CC028CA30DB00D74C04 /* Sources */ = {
			isa = PBXSourcesBuildPhase;
			buildActionMask = 2147483647;
			files = (
				2FEDD7F628CA39F20015C0CA /* Constants.swift in Sources */,
				2FEDD7E428CA39AB0015C0CA /* UINavigationController+Extensions.swift in Sources */,
				2FEDD7E128CA39AB0015C0CA /* Observable+Operators.swift in Sources */,
				2FEDD80F28CA3FD20015C0CA /* ApiProvider.swift in Sources */,
				2FEDD7DD28CA39AB0015C0CA /* UIView+Extensions.swift in Sources */,
				2FEDD7F428CA39F20015C0CA /* BaseViewController.swift in Sources */,
				2FEDD7FF28CA3A0F0015C0CA /* ErrorTracker.swift in Sources */,
				2FEDD7F228CA39F20015C0CA /* LogManager.swift in Sources */,
				2FEDD7DE28CA39AB0015C0CA /* String+Extensions.swift in Sources */,
				2FEDD82B28CA43000015C0CA /* LibsManager.swift in Sources */,
				2FEDD83C28CA44940015C0CA /* MovieDetailAPI.swift in Sources */,
				2FEDD83528CA445F0015C0CA /* Resolver+RegisterServices.swift in Sources */,
				2FEDD80328CA3A0F0015C0CA /* Response+ObjectMapper.swift in Sources */,
				2FEDD7C728CA399B0015C0CA /* AppCoordinator.swift in Sources */,
				2FEDD7DF28CA39AB0015C0CA /* UIColor+Extensions.swift in Sources */,
				2F207CCC28CA30DB00D74C04 /* ViewController.swift in Sources */,
				2FEDD80228CA3A0F0015C0CA /* Single+ObjectMapper.swift in Sources */,
				2FEDD7E228CA39AB0015C0CA /* Rx+Extension.swift in Sources */,
				2FEDD81028CA3FD20015C0CA /* NetworkingType.swift in Sources */,
				2FEDD7EA28CA39AB0015C0CA /* UILabel+Extensions.swift in Sources */,
				2FEDD80128CA3A0F0015C0CA /* NSObject+Rx.swift in Sources */,
				2FEDD83728CA445F0015C0CA /* HomeService.swift in Sources */,
				2FEDD7DC28CA39AB0015C0CA /* UIViewController+Extensions.swift in Sources */,
				2FEDD7E528CA39AB0015C0CA /* NSObject+Extensions.swift in Sources */,
				2FEDD7E328CA39AB0015C0CA /* Formatter+Extensions.swift in Sources */,
				2FEDD81428CA40040015C0CA /* LoadingAnimationType.swift in Sources */,
				2FEDD80928CA3A9F0015C0CA /* Environment.swift in Sources */,
				2FEDD80028CA3A0F0015C0CA /* ActivityIndicator.swift in Sources */,
				2FEDD83B28CA44940015C0CA /* HomeAPI.swift in Sources */,
				2FBDE16A28CB371C00CC668F /* R.generated.swift in Sources */,
				2FEDD7E028CA39AB0015C0CA /* Kingfisher+Rx.swift in Sources */,
				2FEDD7EB28CA39AB0015C0CA /* Date+Extensions.swift in Sources */,
				2FEDD7E728CA39AB0015C0CA /* RefreshHandler.swift in Sources */,
				2FEDD7E828CA39AB0015C0CA /* Optional+Extensions.swift in Sources */,
				2FEDD7E628CA39AB0015C0CA /* UIStackView+Extensions.swift in Sources */,
				2FEDD7E928CA39AB0015C0CA /* UIScrollView+Extensions.swift in Sources */,
				2FEDD7F528CA39F20015C0CA /* ViewModelType.swift in Sources */,
				2F207CC828CA30DB00D74C04 /* AppDelegate.swift in Sources */,
				2FEDD80A28CA3A9F0015C0CA /* ConfigKeys.swift in Sources */,
				2FEDD7F328CA39F20015C0CA /* BindableType.swift in Sources */,
				2FEDD7DB28CA39AB0015C0CA /* Array+Extensions.swift in Sources */,
				2FEDD83828CA445F0015C0CA /* MovieDetailService.swift in Sources */,
			);
			runOnlyForDeploymentPostprocessing = 0;
		};
/* End PBXSourcesBuildPhase section */

/* Begin PBXVariantGroup section */
		2F207CCD28CA30DB00D74C04 /* Main.storyboard */ = {
			isa = PBXVariantGroup;
			children = (
				2F207CCE28CA30DB00D74C04 /* Base */,
			);
			name = Main.storyboard;
			sourceTree = "<group>";
		};
		2F207CD228CA30DD00D74C04 /* LaunchScreen.storyboard */ = {
			isa = PBXVariantGroup;
			children = (
				2F207CD328CA30DD00D74C04 /* Base */,
			);
			name = LaunchScreen.storyboard;
			sourceTree = "<group>";
		};
		2FEDD81828CA40180015C0CA /* Localizable.strings */ = {
			isa = PBXVariantGroup;
			children = (
				2FEDD81928CA40180015C0CA /* en */,
			);
			name = Localizable.strings;
			sourceTree = "<group>";
		};
/* End PBXVariantGroup section */

/* Begin XCBuildConfiguration section */
		2F207CD628CA30DD00D74C04 /* Debug */ = {
			isa = XCBuildConfiguration;
			buildSettings = {
				ALWAYS_SEARCH_USER_PATHS = NO;
				CLANG_ANALYZER_NONNULL = YES;
				CLANG_ANALYZER_NUMBER_OBJECT_CONVERSION = YES_AGGRESSIVE;
				CLANG_CXX_LANGUAGE_STANDARD = "gnu++17";
				CLANG_ENABLE_MODULES = YES;
				CLANG_ENABLE_OBJC_ARC = YES;
				CLANG_ENABLE_OBJC_WEAK = YES;
				CLANG_WARN_BLOCK_CAPTURE_AUTORELEASING = YES;
				CLANG_WARN_BOOL_CONVERSION = YES;
				CLANG_WARN_COMMA = YES;
				CLANG_WARN_CONSTANT_CONVERSION = YES;
				CLANG_WARN_DEPRECATED_OBJC_IMPLEMENTATIONS = YES;
				CLANG_WARN_DIRECT_OBJC_ISA_USAGE = YES_ERROR;
				CLANG_WARN_DOCUMENTATION_COMMENTS = YES;
				CLANG_WARN_EMPTY_BODY = YES;
				CLANG_WARN_ENUM_CONVERSION = YES;
				CLANG_WARN_INFINITE_RECURSION = YES;
				CLANG_WARN_INT_CONVERSION = YES;
				CLANG_WARN_NON_LITERAL_NULL_CONVERSION = YES;
				CLANG_WARN_OBJC_IMPLICIT_RETAIN_SELF = YES;
				CLANG_WARN_OBJC_LITERAL_CONVERSION = YES;
				CLANG_WARN_OBJC_ROOT_CLASS = YES_ERROR;
				CLANG_WARN_QUOTED_INCLUDE_IN_FRAMEWORK_HEADER = YES;
				CLANG_WARN_RANGE_LOOP_ANALYSIS = YES;
				CLANG_WARN_STRICT_PROTOTYPES = YES;
				CLANG_WARN_SUSPICIOUS_MOVE = YES;
				CLANG_WARN_UNGUARDED_AVAILABILITY = YES_AGGRESSIVE;
				CLANG_WARN_UNREACHABLE_CODE = YES;
				CLANG_WARN__DUPLICATE_METHOD_MATCH = YES;
				COPY_PHASE_STRIP = NO;
				DEBUG_INFORMATION_FORMAT = dwarf;
				ENABLE_STRICT_OBJC_MSGSEND = YES;
				ENABLE_TESTABILITY = YES;
				GCC_C_LANGUAGE_STANDARD = gnu11;
				GCC_DYNAMIC_NO_PIC = NO;
				GCC_NO_COMMON_BLOCKS = YES;
				GCC_OPTIMIZATION_LEVEL = 0;
				GCC_PREPROCESSOR_DEFINITIONS = (
					"DEBUG=1",
					"$(inherited)",
				);
				GCC_WARN_64_TO_32_BIT_CONVERSION = YES;
				GCC_WARN_ABOUT_RETURN_TYPE = YES_ERROR;
				GCC_WARN_UNDECLARED_SELECTOR = YES;
				GCC_WARN_UNINITIALIZED_AUTOS = YES_AGGRESSIVE;
				GCC_WARN_UNUSED_FUNCTION = YES;
				GCC_WARN_UNUSED_VARIABLE = YES;
				IPHONEOS_DEPLOYMENT_TARGET = 15.5;
				MTL_ENABLE_DEBUG_INFO = INCLUDE_SOURCE;
				MTL_FAST_MATH = YES;
				ONLY_ACTIVE_ARCH = YES;
				SDKROOT = iphoneos;
				SWIFT_ACTIVE_COMPILATION_CONDITIONS = DEBUG;
				SWIFT_OPTIMIZATION_LEVEL = "-Onone";
			};
			name = Debug;
		};
		2F207CD728CA30DD00D74C04 /* Release */ = {
			isa = XCBuildConfiguration;
			buildSettings = {
				ALWAYS_SEARCH_USER_PATHS = NO;
				CLANG_ANALYZER_NONNULL = YES;
				CLANG_ANALYZER_NUMBER_OBJECT_CONVERSION = YES_AGGRESSIVE;
				CLANG_CXX_LANGUAGE_STANDARD = "gnu++17";
				CLANG_ENABLE_MODULES = YES;
				CLANG_ENABLE_OBJC_ARC = YES;
				CLANG_ENABLE_OBJC_WEAK = YES;
				CLANG_WARN_BLOCK_CAPTURE_AUTORELEASING = YES;
				CLANG_WARN_BOOL_CONVERSION = YES;
				CLANG_WARN_COMMA = YES;
				CLANG_WARN_CONSTANT_CONVERSION = YES;
				CLANG_WARN_DEPRECATED_OBJC_IMPLEMENTATIONS = YES;
				CLANG_WARN_DIRECT_OBJC_ISA_USAGE = YES_ERROR;
				CLANG_WARN_DOCUMENTATION_COMMENTS = YES;
				CLANG_WARN_EMPTY_BODY = YES;
				CLANG_WARN_ENUM_CONVERSION = YES;
				CLANG_WARN_INFINITE_RECURSION = YES;
				CLANG_WARN_INT_CONVERSION = YES;
				CLANG_WARN_NON_LITERAL_NULL_CONVERSION = YES;
				CLANG_WARN_OBJC_IMPLICIT_RETAIN_SELF = YES;
				CLANG_WARN_OBJC_LITERAL_CONVERSION = YES;
				CLANG_WARN_OBJC_ROOT_CLASS = YES_ERROR;
				CLANG_WARN_QUOTED_INCLUDE_IN_FRAMEWORK_HEADER = YES;
				CLANG_WARN_RANGE_LOOP_ANALYSIS = YES;
				CLANG_WARN_STRICT_PROTOTYPES = YES;
				CLANG_WARN_SUSPICIOUS_MOVE = YES;
				CLANG_WARN_UNGUARDED_AVAILABILITY = YES_AGGRESSIVE;
				CLANG_WARN_UNREACHABLE_CODE = YES;
				CLANG_WARN__DUPLICATE_METHOD_MATCH = YES;
				COPY_PHASE_STRIP = NO;
				DEBUG_INFORMATION_FORMAT = "dwarf-with-dsym";
				ENABLE_NS_ASSERTIONS = NO;
				ENABLE_STRICT_OBJC_MSGSEND = YES;
				GCC_C_LANGUAGE_STANDARD = gnu11;
				GCC_NO_COMMON_BLOCKS = YES;
				GCC_WARN_64_TO_32_BIT_CONVERSION = YES;
				GCC_WARN_ABOUT_RETURN_TYPE = YES_ERROR;
				GCC_WARN_UNDECLARED_SELECTOR = YES;
				GCC_WARN_UNINITIALIZED_AUTOS = YES_AGGRESSIVE;
				GCC_WARN_UNUSED_FUNCTION = YES;
				GCC_WARN_UNUSED_VARIABLE = YES;
				IPHONEOS_DEPLOYMENT_TARGET = 15.5;
				MTL_ENABLE_DEBUG_INFO = NO;
				MTL_FAST_MATH = YES;
				SDKROOT = iphoneos;
				SWIFT_COMPILATION_MODE = wholemodule;
				SWIFT_OPTIMIZATION_LEVEL = "-O";
				VALIDATE_PRODUCT = YES;
			};
			name = Release;
		};
		2F207CD928CA30DD00D74C04 /* Debug */ = {
			isa = XCBuildConfiguration;
			baseConfigurationReference = 5ED79D3C26CF53205D088817 /* Pods-Template.debug.xcconfig */;
			buildSettings = {
				ASSETCATALOG_COMPILER_APPICON_NAME = AppIcon;
				ASSETCATALOG_COMPILER_GLOBAL_ACCENT_COLOR_NAME = AccentColor;
				CODE_SIGN_STYLE = Automatic;
				CURRENT_PROJECT_VERSION = 1;
				DEVELOPMENT_TEAM = LL6XGHYGV4;
				GENERATE_INFOPLIST_FILE = YES;
				INFOPLIST_FILE = Template/Helpers/configs/Info.plist;
				INFOPLIST_KEY_CFBundleDisplayName = RxTemplate;
				INFOPLIST_KEY_UIApplicationSupportsIndirectInputEvents = YES;
				INFOPLIST_KEY_UILaunchStoryboardName = LaunchScreen.storyboard;
				INFOPLIST_KEY_UIRequiredDeviceCapabilities = armv7;
				INFOPLIST_KEY_UIRequiresFullScreen = YES;
				INFOPLIST_KEY_UIStatusBarHidden = NO;
				INFOPLIST_KEY_UISupportedInterfaceOrientations = UIInterfaceOrientationPortrait;
				INFOPLIST_KEY_UISupportedInterfaceOrientations_iPad = "UIInterfaceOrientationPortrait UIInterfaceOrientationPortraitUpsideDown UIInterfaceOrientationLandscapeLeft UIInterfaceOrientationLandscapeRight";
				INFOPLIST_KEY_UISupportedInterfaceOrientations_iPhone = "UIInterfaceOrientationPortrait UIInterfaceOrientationLandscapeLeft UIInterfaceOrientationLandscapeRight";
				LD_RUNPATH_SEARCH_PATHS = (
					"$(inherited)",
					"@executable_path/Frameworks",
				);
				MARKETING_VERSION = 1.0;
				PRODUCT_BUNDLE_IDENTIFIER = com.viothun.rxtemplate;
				PRODUCT_NAME = "$(TARGET_NAME)";
				SWIFT_EMIT_LOC_STRINGS = YES;
				SWIFT_VERSION = 5.0;
				TARGETED_DEVICE_FAMILY = "1,2";
			};
			name = Debug;
		};
		2F207CDA28CA30DD00D74C04 /* Release */ = {
			isa = XCBuildConfiguration;
			baseConfigurationReference = B6C854C8AA87EF690D703D7B /* Pods-Template.release.xcconfig */;
			buildSettings = {
				ASSETCATALOG_COMPILER_APPICON_NAME = AppIcon;
				ASSETCATALOG_COMPILER_GLOBAL_ACCENT_COLOR_NAME = AccentColor;
				CODE_SIGN_STYLE = Automatic;
				CURRENT_PROJECT_VERSION = 1;
				DEVELOPMENT_TEAM = LL6XGHYGV4;
				GENERATE_INFOPLIST_FILE = YES;
				INFOPLIST_FILE = Template/Helpers/configs/Info.plist;
				INFOPLIST_KEY_CFBundleDisplayName = RxTemplate;
				INFOPLIST_KEY_UIApplicationSupportsIndirectInputEvents = YES;
				INFOPLIST_KEY_UILaunchStoryboardName = LaunchScreen.storyboard;
				INFOPLIST_KEY_UIRequiredDeviceCapabilities = armv7;
				INFOPLIST_KEY_UIRequiresFullScreen = YES;
				INFOPLIST_KEY_UIStatusBarHidden = NO;
				INFOPLIST_KEY_UISupportedInterfaceOrientations = UIInterfaceOrientationPortrait;
				INFOPLIST_KEY_UISupportedInterfaceOrientations_iPad = "UIInterfaceOrientationPortrait UIInterfaceOrientationPortraitUpsideDown UIInterfaceOrientationLandscapeLeft UIInterfaceOrientationLandscapeRight";
				INFOPLIST_KEY_UISupportedInterfaceOrientations_iPhone = "UIInterfaceOrientationPortrait UIInterfaceOrientationLandscapeLeft UIInterfaceOrientationLandscapeRight";
				LD_RUNPATH_SEARCH_PATHS = (
					"$(inherited)",
					"@executable_path/Frameworks",
				);
				MARKETING_VERSION = 1.0;
				PRODUCT_BUNDLE_IDENTIFIER = com.viothun.rxtemplate;
				PRODUCT_NAME = "$(TARGET_NAME)";
				SWIFT_EMIT_LOC_STRINGS = YES;
				SWIFT_VERSION = 5.0;
				TARGETED_DEVICE_FAMILY = "1,2";
			};
			name = Release;
		};
/* End XCBuildConfiguration section */

/* Begin XCConfigurationList section */
		2F207CBF28CA30DB00D74C04 /* Build configuration list for PBXProject "Template" */ = {
			isa = XCConfigurationList;
			buildConfigurations = (
				2F207CD628CA30DD00D74C04 /* Debug */,
				2F207CD728CA30DD00D74C04 /* Release */,
			);
			defaultConfigurationIsVisible = 0;
			defaultConfigurationName = Release;
		};
		2F207CD828CA30DD00D74C04 /* Build configuration list for PBXNativeTarget "Template" */ = {
			isa = XCConfigurationList;
			buildConfigurations = (
				2F207CD928CA30DD00D74C04 /* Debug */,
				2F207CDA28CA30DD00D74C04 /* Release */,
			);
			defaultConfigurationIsVisible = 0;
			defaultConfigurationName = Release;
		};
/* End XCConfigurationList section */
	};
	rootObject = 2F207CBC28CA30DB00D74C04 /* Project object */;
}
