// !$*UTF8*$!
{
	archiveVersion = 1;
	classes = {
	};
	objectVersion = 55;
	objects = {

/* Begin PBXBuildFile section */
		2F207CC828CA30DB00D74C04 /* AppDelegate.swift in Sources */ = {isa = PBXBuildFile; fileRef = 2F207CC728CA30DB00D74C04 /* AppDelegate.swift */; };
		2F207CCA28CA30DB00D74C04 /* SceneDelegate.swift in Sources */ = {isa = PBXBuildFile; fileRef = 2F207CC928CA30DB00D74C04 /* SceneDelegate.swift */; };
		2F207CCC28CA30DB00D74C04 /* ViewController.swift in Sources */ = {isa = PBXBuildFile; fileRef = 2F207CCB28CA30DB00D74C04 /* ViewController.swift */; };
		2F207CCF28CA30DB00D74C04 /* Main.storyboard in Resources */ = {isa = PBXBuildFile; fileRef = 2F207CCD28CA30DB00D74C04 /* Main.storyboard */; };
		2F207CD128CA30DD00D74C04 /* Assets.xcassets in Resources */ = {isa = PBXBuildFile; fileRef = 2F207CD028CA30DD00D74C04 /* Assets.xcassets */; };
		2F207CD428CA30DD00D74C04 /* LaunchScreen.storyboard in Resources */ = {isa = PBXBuildFile; fileRef = 2F207CD228CA30DD00D74C04 /* LaunchScreen.storyboard */; };
		42182F2D08B0EFFAEB3EB4BF /* Pods_TheMovieApp.framework in Frameworks */ = {isa = PBXBuildFile; fileRef = 259B8EB3EB9B96B1BB583BFC /* Pods_TheMovieApp.framework */; };
/* End PBXBuildFile section */

/* Begin PBXFileReference section */
		259B8EB3EB9B96B1BB583BFC /* Pods_TheMovieApp.framework */ = {isa = PBXFileReference; explicitFileType = wrapper.framework; includeInIndex = 0; path = Pods_TheMovieApp.framework; sourceTree = BUILT_PRODUCTS_DIR; };
		2F207CC428CA30DB00D74C04 /* TheMovieApp.app */ = {isa = PBXFileReference; explicitFileType = wrapper.application; includeInIndex = 0; path = TheMovieApp.app; sourceTree = BUILT_PRODUCTS_DIR; };
		2F207CC728CA30DB00D74C04 /* AppDelegate.swift */ = {isa = PBXFileReference; lastKnownFileType = sourcecode.swift; path = AppDelegate.swift; sourceTree = "<group>"; };
		2F207CC928CA30DB00D74C04 /* SceneDelegate.swift */ = {isa = PBXFileReference; lastKnownFileType = sourcecode.swift; path = SceneDelegate.swift; sourceTree = "<group>"; };
		2F207CCB28CA30DB00D74C04 /* ViewController.swift */ = {isa = PBXFileReference; lastKnownFileType = sourcecode.swift; path = ViewController.swift; sourceTree = "<group>"; };
		2F207CCE28CA30DB00D74C04 /* Base */ = {isa = PBXFileReference; lastKnownFileType = file.storyboard; name = Base; path = Base.lproj/Main.storyboard; sourceTree = "<group>"; };
		2F207CD028CA30DD00D74C04 /* Assets.xcassets */ = {isa = PBXFileReference; lastKnownFileType = folder.assetcatalog; path = Assets.xcassets; sourceTree = "<group>"; };
		2F207CD328CA30DD00D74C04 /* Base */ = {isa = PBXFileReference; lastKnownFileType = file.storyboard; name = Base; path = Base.lproj/LaunchScreen.storyboard; sourceTree = "<group>"; };
		2F207CD528CA30DD00D74C04 /* Info.plist */ = {isa = PBXFileReference; lastKnownFileType = text.plist.xml; path = Info.plist; sourceTree = "<group>"; };
		CC31492813BC0D8A119560E2 /* Pods-TheMovieApp.debug.xcconfig */ = {isa = PBXFileReference; includeInIndex = 1; lastKnownFileType = text.xcconfig; name = "Pods-TheMovieApp.debug.xcconfig"; path = "Target Support Files/Pods-TheMovieApp/Pods-TheMovieApp.debug.xcconfig"; sourceTree = "<group>"; };
		DA15F875EF4A0F5813F40467 /* Pods-TheMovieApp.release.xcconfig */ = {isa = PBXFileReference; includeInIndex = 1; lastKnownFileType = text.xcconfig; name = "Pods-TheMovieApp.release.xcconfig"; path = "Target Support Files/Pods-TheMovieApp/Pods-TheMovieApp.release.xcconfig"; sourceTree = "<group>"; };
/* End PBXFileReference section */

/* Begin PBXFrameworksBuildPhase section */
		2F207CC128CA30DB00D74C04 /* Frameworks */ = {
			isa = PBXFrameworksBuildPhase;
			buildActionMask = 2147483647;
			files = (
				42182F2D08B0EFFAEB3EB4BF /* Pods_TheMovieApp.framework in Frameworks */,
			);
			runOnlyForDeploymentPostprocessing = 0;
		};
/* End PBXFrameworksBuildPhase section */

/* Begin PBXGroup section */
		14E2B64D364ACB52360EDF85 /* Frameworks */ = {
			isa = PBXGroup;
			children = (
				259B8EB3EB9B96B1BB583BFC /* Pods_TheMovieApp.framework */,
			);
			name = Frameworks;
			sourceTree = "<group>";
		};
		1D2551C55CF31E134C51B862 /* Pods */ = {
			isa = PBXGroup;
			children = (
				CC31492813BC0D8A119560E2 /* Pods-TheMovieApp.debug.xcconfig */,
				DA15F875EF4A0F5813F40467 /* Pods-TheMovieApp.release.xcconfig */,
			);
			name = Pods;
			path = Pods;
			sourceTree = "<group>";
		};
		2F207CBB28CA30DB00D74C04 = {
			isa = PBXGroup;
			children = (
				2F207CC628CA30DB00D74C04 /* TheMovieApp */,
				2F207CC528CA30DB00D74C04 /* Products */,
				1D2551C55CF31E134C51B862 /* Pods */,
				14E2B64D364ACB52360EDF85 /* Frameworks */,
			);
			sourceTree = "<group>";
		};
		2F207CC528CA30DB00D74C04 /* Products */ = {
			isa = PBXGroup;
			children = (
				2F207CC428CA30DB00D74C04 /* TheMovieApp.app */,
			);
			name = Products;
			sourceTree = "<group>";
		};
		2F207CC628CA30DB00D74C04 /* TheMovieApp */ = {
			isa = PBXGroup;
			children = (
				2F207CC728CA30DB00D74C04 /* AppDelegate.swift */,
				2F207CC928CA30DB00D74C04 /* SceneDelegate.swift */,
				2F207CCB28CA30DB00D74C04 /* ViewController.swift */,
				2F207CCD28CA30DB00D74C04 /* Main.storyboard */,
				2F207CD028CA30DD00D74C04 /* Assets.xcassets */,
				2F207CD228CA30DD00D74C04 /* LaunchScreen.storyboard */,
				2F207CD528CA30DD00D74C04 /* Info.plist */,
			);
			path = TheMovieApp;
			sourceTree = "<group>";
		};
/* End PBXGroup section */

/* Begin PBXNativeTarget section */
		2F207CC328CA30DB00D74C04 /* TheMovieApp */ = {
			isa = PBXNativeTarget;
			buildConfigurationList = 2F207CD828CA30DD00D74C04 /* Build configuration list for PBXNativeTarget "TheMovieApp" */;
			buildPhases = (
				CBA2CF810481E827F9588261 /* [CP] Check Pods Manifest.lock */,
				2F207CC028CA30DB00D74C04 /* Sources */,
				2F207CC128CA30DB00D74C04 /* Frameworks */,
				2F207CC228CA30DB00D74C04 /* Resources */,
				AA75AA264F82DD61A3D4BA8F /* [CP] Embed Pods Frameworks */,
			);
			buildRules = (
			);
			dependencies = (
			);
			name = TheMovieApp;
			productName = TheMovieApp;
			productReference = 2F207CC428CA30DB00D74C04 /* TheMovieApp.app */;
			productType = "com.apple.product-type.application";
		};
/* End PBXNativeTarget section */

/* Begin PBXProject section */
		2F207CBC28CA30DB00D74C04 /* Project object */ = {
			isa = PBXProject;
			attributes = {
				BuildIndependentTargetsInParallel = 1;
				LastSwiftUpdateCheck = 1340;
				LastUpgradeCheck = 1340;
				TargetAttributes = {
					2F207CC328CA30DB00D74C04 = {
						CreatedOnToolsVersion = 13.4.1;
					};
				};
			};
			buildConfigurationList = 2F207CBF28CA30DB00D74C04 /* Build configuration list for PBXProject "TheMovieApp" */;
			compatibilityVersion = "Xcode 13.0";
			developmentRegion = en;
			hasScannedForEncodings = 0;
			knownRegions = (
				en,
				Base,
			);
			mainGroup = 2F207CBB28CA30DB00D74C04;
			productRefGroup = 2F207CC528CA30DB00D74C04 /* Products */;
			projectDirPath = "";
			projectRoot = "";
			targets = (
				2F207CC328CA30DB00D74C04 /* TheMovieApp */,
			);
		};
/* End PBXProject section */

/* Begin PBXResourcesBuildPhase section */
		2F207CC228CA30DB00D74C04 /* Resources */ = {
			isa = PBXResourcesBuildPhase;
			buildActionMask = 2147483647;
			files = (
				2F207CD428CA30DD00D74C04 /* LaunchScreen.storyboard in Resources */,
				2F207CD128CA30DD00D74C04 /* Assets.xcassets in Resources */,
				2F207CCF28CA30DB00D74C04 /* Main.storyboard in Resources */,
			);
			runOnlyForDeploymentPostprocessing = 0;
		};
/* End PBXResourcesBuildPhase section */

/* Begin PBXShellScriptBuildPhase section */
		AA75AA264F82DD61A3D4BA8F /* [CP] Embed Pods Frameworks */ = {
			isa = PBXShellScriptBuildPhase;
			buildActionMask = 2147483647;
			files = (
			);
			inputFileListPaths = (
				"${PODS_ROOT}/Target Support Files/Pods-TheMovieApp/Pods-TheMovieApp-frameworks-${CONFIGURATION}-input-files.xcfilelist",
			);
			name = "[CP] Embed Pods Frameworks";
			outputFileListPaths = (
				"${PODS_ROOT}/Target Support Files/Pods-TheMovieApp/Pods-TheMovieApp-frameworks-${CONFIGURATION}-output-files.xcfilelist",
			);
			runOnlyForDeploymentPostprocessing = 0;
			shellPath = /bin/sh;
			shellScript = "\"${PODS_ROOT}/Target Support Files/Pods-TheMovieApp/Pods-TheMovieApp-frameworks.sh\"\n";
			showEnvVarsInLog = 0;
		};
		CBA2CF810481E827F9588261 /* [CP] Check Pods Manifest.lock */ = {
			isa = PBXShellScriptBuildPhase;
			buildActionMask = 2147483647;
			files = (
			);
			inputFileListPaths = (
			);
			inputPaths = (
				"${PODS_PODFILE_DIR_PATH}/Podfile.lock",
				"${PODS_ROOT}/Manifest.lock",
			);
			name = "[CP] Check Pods Manifest.lock";
			outputFileListPaths = (
			);
			outputPaths = (
				"$(DERIVED_FILE_DIR)/Pods-TheMovieApp-checkManifestLockResult.txt",
			);
			runOnlyForDeploymentPostprocessing = 0;
			shellPath = /bin/sh;
			shellScript = "diff \"${PODS_PODFILE_DIR_PATH}/Podfile.lock\" \"${PODS_ROOT}/Manifest.lock\" > /dev/null\nif [ $? != 0 ] ; then\n    # print error to STDERR\n    echo \"error: The sandbox is not in sync with the Podfile.lock. Run 'pod install' or update your CocoaPods installation.\" >&2\n    exit 1\nfi\n# This output is used by Xcode 'outputs' to avoid re-running this script phase.\necho \"SUCCESS\" > \"${SCRIPT_OUTPUT_FILE_0}\"\n";
			showEnvVarsInLog = 0;
		};
/* End PBXShellScriptBuildPhase section */

/* Begin PBXSourcesBuildPhase section */
		2F207CC028CA30DB00D74C04 /* Sources */ = {
			isa = PBXSourcesBuildPhase;
			buildActionMask = 2147483647;
			files = (
				2F207CCC28CA30DB00D74C04 /* ViewController.swift in Sources */,
				2F207CC828CA30DB00D74C04 /* AppDelegate.swift in Sources */,
				2F207CCA28CA30DB00D74C04 /* SceneDelegate.swift in Sources */,
			);
			runOnlyForDeploymentPostprocessing = 0;
		};
/* End PBXSourcesBuildPhase section */

/* Begin PBXVariantGroup section */
		2F207CCD28CA30DB00D74C04 /* Main.storyboard */ = {
			isa = PBXVariantGroup;
			children = (
				2F207CCE28CA30DB00D74C04 /* Base */,
			);
			name = Main.storyboard;
			sourceTree = "<group>";
		};
		2F207CD228CA30DD00D74C04 /* LaunchScreen.storyboard */ = {
			isa = PBXVariantGroup;
			children = (
				2F207CD328CA30DD00D74C04 /* Base */,
			);
			name = LaunchScreen.storyboard;
			sourceTree = "<group>";
		};
/* End PBXVariantGroup section */

/* Begin XCBuildConfiguration section */
		2F207CD628CA30DD00D74C04 /* Debug */ = {
			isa = XCBuildConfiguration;
			buildSettings = {
				ALWAYS_SEARCH_USER_PATHS = NO;
				CLANG_ANALYZER_NONNULL = YES;
				CLANG_ANALYZER_NUMBER_OBJECT_CONVERSION = YES_AGGRESSIVE;
				CLANG_CXX_LANGUAGE_STANDARD = "gnu++17";
				CLANG_ENABLE_MODULES = YES;
				CLANG_ENABLE_OBJC_ARC = YES;
				CLANG_ENABLE_OBJC_WEAK = YES;
				CLANG_WARN_BLOCK_CAPTURE_AUTORELEASING = YES;
				CLANG_WARN_BOOL_CONVERSION = YES;
				CLANG_WARN_COMMA = YES;
				CLANG_WARN_CONSTANT_CONVERSION = YES;
				CLANG_WARN_DEPRECATED_OBJC_IMPLEMENTATIONS = YES;
				CLANG_WARN_DIRECT_OBJC_ISA_USAGE = YES_ERROR;
				CLANG_WARN_DOCUMENTATION_COMMENTS = YES;
				CLANG_WARN_EMPTY_BODY = YES;
				CLANG_WARN_ENUM_CONVERSION = YES;
				CLANG_WARN_INFINITE_RECURSION = YES;
				CLANG_WARN_INT_CONVERSION = YES;
				CLANG_WARN_NON_LITERAL_NULL_CONVERSION = YES;
				CLANG_WARN_OBJC_IMPLICIT_RETAIN_SELF = YES;
				CLANG_WARN_OBJC_LITERAL_CONVERSION = YES;
				CLANG_WARN_OBJC_ROOT_CLASS = YES_ERROR;
				CLANG_WARN_QUOTED_INCLUDE_IN_FRAMEWORK_HEADER = YES;
				CLANG_WARN_RANGE_LOOP_ANALYSIS = YES;
				CLANG_WARN_STRICT_PROTOTYPES = YES;
				CLANG_WARN_SUSPICIOUS_MOVE = YES;
				CLANG_WARN_UNGUARDED_AVAILABILITY = YES_AGGRESSIVE;
				CLANG_WARN_UNREACHABLE_CODE = YES;
				CLANG_WARN__DUPLICATE_METHOD_MATCH = YES;
				COPY_PHASE_STRIP = NO;
				DEBUG_INFORMATION_FORMAT = dwarf;
				ENABLE_STRICT_OBJC_MSGSEND = YES;
				ENABLE_TESTABILITY = YES;
				GCC_C_LANGUAGE_STANDARD = gnu11;
				GCC_DYNAMIC_NO_PIC = NO;
				GCC_NO_COMMON_BLOCKS = YES;
				GCC_OPTIMIZATION_LEVEL = 0;
				GCC_PREPROCESSOR_DEFINITIONS = (
					"DEBUG=1",
					"$(inherited)",
				);
				GCC_WARN_64_TO_32_BIT_CONVERSION = YES;
				GCC_WARN_ABOUT_RETURN_TYPE = YES_ERROR;
				GCC_WARN_UNDECLARED_SELECTOR = YES;
				GCC_WARN_UNINITIALIZED_AUTOS = YES_AGGRESSIVE;
				GCC_WARN_UNUSED_FUNCTION = YES;
				GCC_WARN_UNUSED_VARIABLE = YES;
				IPHONEOS_DEPLOYMENT_TARGET = 15.5;
				MTL_ENABLE_DEBUG_INFO = INCLUDE_SOURCE;
				MTL_FAST_MATH = YES;
				ONLY_ACTIVE_ARCH = YES;
				SDKROOT = iphoneos;
				SWIFT_ACTIVE_COMPILATION_CONDITIONS = DEBUG;
				SWIFT_OPTIMIZATION_LEVEL = "-Onone";
			};
			name = Debug;
		};
		2F207CD728CA30DD00D74C04 /* Release */ = {
			isa = XCBuildConfiguration;
			buildSettings = {
				ALWAYS_SEARCH_USER_PATHS = NO;
				CLANG_ANALYZER_NONNULL = YES;
				CLANG_ANALYZER_NUMBER_OBJECT_CONVERSION = YES_AGGRESSIVE;
				CLANG_CXX_LANGUAGE_STANDARD = "gnu++17";
				CLANG_ENABLE_MODULES = YES;
				CLANG_ENABLE_OBJC_ARC = YES;
				CLANG_ENABLE_OBJC_WEAK = YES;
				CLANG_WARN_BLOCK_CAPTURE_AUTORELEASING = YES;
				CLANG_WARN_BOOL_CONVERSION = YES;
				CLANG_WARN_COMMA = YES;
				CLANG_WARN_CONSTANT_CONVERSION = YES;
				CLANG_WARN_DEPRECATED_OBJC_IMPLEMENTATIONS = YES;
				CLANG_WARN_DIRECT_OBJC_ISA_USAGE = YES_ERROR;
				CLANG_WARN_DOCUMENTATION_COMMENTS = YES;
				CLANG_WARN_EMPTY_BODY = YES;
				CLANG_WARN_ENUM_CONVERSION = YES;
				CLANG_WARN_INFINITE_RECURSION = YES;
				CLANG_WARN_INT_CONVERSION = YES;
				CLANG_WARN_NON_LITERAL_NULL_CONVERSION = YES;
				CLANG_WARN_OBJC_IMPLICIT_RETAIN_SELF = YES;
				CLANG_WARN_OBJC_LITERAL_CONVERSION = YES;
				CLANG_WARN_OBJC_ROOT_CLASS = YES_ERROR;
				CLANG_WARN_QUOTED_INCLUDE_IN_FRAMEWORK_HEADER = YES;
				CLANG_WARN_RANGE_LOOP_ANALYSIS = YES;
				CLANG_WARN_STRICT_PROTOTYPES = YES;
				CLANG_WARN_SUSPICIOUS_MOVE = YES;
				CLANG_WARN_UNGUARDED_AVAILABILITY = YES_AGGRESSIVE;
				CLANG_WARN_UNREACHABLE_CODE = YES;
				CLANG_WARN__DUPLICATE_METHOD_MATCH = YES;
				COPY_PHASE_STRIP = NO;
				DEBUG_INFORMATION_FORMAT = "dwarf-with-dsym";
				ENABLE_NS_ASSERTIONS = NO;
				ENABLE_STRICT_OBJC_MSGSEND = YES;
				GCC_C_LANGUAGE_STANDARD = gnu11;
				GCC_NO_COMMON_BLOCKS = YES;
				GCC_WARN_64_TO_32_BIT_CONVERSION = YES;
				GCC_WARN_ABOUT_RETURN_TYPE = YES_ERROR;
				GCC_WARN_UNDECLARED_SELECTOR = YES;
				GCC_WARN_UNINITIALIZED_AUTOS = YES_AGGRESSIVE;
				GCC_WARN_UNUSED_FUNCTION = YES;
				GCC_WARN_UNUSED_VARIABLE = YES;
				IPHONEOS_DEPLOYMENT_TARGET = 15.5;
				MTL_ENABLE_DEBUG_INFO = NO;
				MTL_FAST_MATH = YES;
				SDKROOT = iphoneos;
				SWIFT_COMPILATION_MODE = wholemodule;
				SWIFT_OPTIMIZATION_LEVEL = "-O";
				VALIDATE_PRODUCT = YES;
			};
			name = Release;
		};
		2F207CD928CA30DD00D74C04 /* Debug */ = {
			isa = XCBuildConfiguration;
			baseConfigurationReference = CC31492813BC0D8A119560E2 /* Pods-TheMovieApp.debug.xcconfig */;
			buildSettings = {
				ASSETCATALOG_COMPILER_APPICON_NAME = AppIcon;
				ASSETCATALOG_COMPILER_GLOBAL_ACCENT_COLOR_NAME = AccentColor;
				CODE_SIGN_STYLE = Automatic;
				CURRENT_PROJECT_VERSION = 1;
				DEVELOPMENT_TEAM = LL6XGHYGV4;
				GENERATE_INFOPLIST_FILE = YES;
				INFOPLIST_FILE = TheMovieApp/Info.plist;
				INFOPLIST_KEY_UIApplicationSupportsIndirectInputEvents = YES;
				INFOPLIST_KEY_UILaunchStoryboardName = LaunchScreen;
				INFOPLIST_KEY_UIMainStoryboardFile = Main;
				INFOPLIST_KEY_UISupportedInterfaceOrientations_iPad = "UIInterfaceOrientationPortrait UIInterfaceOrientationPortraitUpsideDown UIInterfaceOrientationLandscapeLeft UIInterfaceOrientationLandscapeRight";
				INFOPLIST_KEY_UISupportedInterfaceOrientations_iPhone = "UIInterfaceOrientationPortrait UIInterfaceOrientationLandscapeLeft UIInterfaceOrientationLandscapeRight";
				LD_RUNPATH_SEARCH_PATHS = (
					"$(inherited)",
					"@executable_path/Frameworks",
				);
				MARKETING_VERSION = 1.0;
				PRODUCT_BUNDLE_IDENTIFIER = com.viothun.TheMovieApp;
				PRODUCT_NAME = "$(TARGET_NAME)";
				SWIFT_EMIT_LOC_STRINGS = YES;
				SWIFT_VERSION = 5.0;
				TARGETED_DEVICE_FAMILY = "1,2";
			};
			name = Debug;
		};
		2F207CDA28CA30DD00D74C04 /* Release */ = {
			isa = XCBuildConfiguration;
			baseConfigurationReference = DA15F875EF4A0F5813F40467 /* Pods-TheMovieApp.release.xcconfig */;
			buildSettings = {
				ASSETCATALOG_COMPILER_APPICON_NAME = AppIcon;
				ASSETCATALOG_COMPILER_GLOBAL_ACCENT_COLOR_NAME = AccentColor;
				CODE_SIGN_STYLE = Automatic;
				CURRENT_PROJECT_VERSION = 1;
				DEVELOPMENT_TEAM = LL6XGHYGV4;
				GENERATE_INFOPLIST_FILE = YES;
				INFOPLIST_FILE = TheMovieApp/Info.plist;
				INFOPLIST_KEY_UIApplicationSupportsIndirectInputEvents = YES;
				INFOPLIST_KEY_UILaunchStoryboardName = LaunchScreen;
				INFOPLIST_KEY_UIMainStoryboardFile = Main;
				INFOPLIST_KEY_UISupportedInterfaceOrientations_iPad = "UIInterfaceOrientationPortrait UIInterfaceOrientationPortraitUpsideDown UIInterfaceOrientationLandscapeLeft UIInterfaceOrientationLandscapeRight";
				INFOPLIST_KEY_UISupportedInterfaceOrientations_iPhone = "UIInterfaceOrientationPortrait UIInterfaceOrientationLandscapeLeft UIInterfaceOrientationLandscapeRight";
				LD_RUNPATH_SEARCH_PATHS = (
					"$(inherited)",
					"@executable_path/Frameworks",
				);
				MARKETING_VERSION = 1.0;
				PRODUCT_BUNDLE_IDENTIFIER = com.viothun.TheMovieApp;
				PRODUCT_NAME = "$(TARGET_NAME)";
				SWIFT_EMIT_LOC_STRINGS = YES;
				SWIFT_VERSION = 5.0;
				TARGETED_DEVICE_FAMILY = "1,2";
			};
			name = Release;
		};
/* End XCBuildConfiguration section */

/* Begin XCConfigurationList section */
		2F207CBF28CA30DB00D74C04 /* Build configuration list for PBXProject "TheMovieApp" */ = {
			isa = XCConfigurationList;
			buildConfigurations = (
				2F207CD628CA30DD00D74C04 /* Debug */,
				2F207CD728CA30DD00D74C04 /* Release */,
			);
			defaultConfigurationIsVisible = 0;
			defaultConfigurationName = Release;
		};
		2F207CD828CA30DD00D74C04 /* Build configuration list for PBXNativeTarget "TheMovieApp" */ = {
			isa = XCConfigurationList;
			buildConfigurations = (
				2F207CD928CA30DD00D74C04 /* Debug */,
				2F207CDA28CA30DD00D74C04 /* Release */,
			);
			defaultConfigurationIsVisible = 0;
			defaultConfigurationName = Release;
		};
/* End XCConfigurationList section */
	};
	rootObject = 2F207CBC28CA30DB00D74C04 /* Project object */;
}
